
Microsoft Visual Studio Solution File, Format Version 12.00
# Visual Studio 2012
Project("{FAE04EC0-301F-11D3-BF4B-00C04F79EFBC}") = "hw3", "hw3\hw3.csproj", "{DACC273B-6AC7-43BA-8BB6-EC467353638B}"
EndProject
Global
	GlobalSection(SolutionConfigurationPlatforms) = preSolution
		Debug|Any CPU = Debug|Any CPU
		Release|Any CPU = Release|Any CPU
	EndGlobalSection
	GlobalSection(ProjectConfigurationPlatforms) = postSolution
		{DACC273B-6AC7-43BA-8BB6-EC467353638B}.Debug|Any CPU.ActiveCfg = Debug|Any CPU
		{DACC273B-6AC7-43BA-8BB6-EC467353638B}.Debug|Any CPU.Build.0 = Debug|Any CPU
		{DACC273B-6AC7-43BA-8BB6-EC467353638B}.Release|Any CPU.ActiveCfg = Release|Any CPU
		{DACC273B-6AC7-43BA-8BB6-EC467353638B}.Release|Any CPU.Build.0 = Release|Any CPU
	EndGlobalSection
	GlobalSection(SolutionProperties) = preSolution
		HideSolutionNode = FALSE
	EndGlobalSection
EndGlobal
