
Microsoft Visual Studio Solution File, Format Version 12.00
# Visual Studio 2012
Project("{FAE04EC0-301F-11D3-BF4B-00C04F79EFBC}") = "p1", "p1\p1.csproj", "{FFF1B449-7E45-4EE9-8A92-ED9CCAACFAC1}"
EndProject
Project("{FAE04EC0-301F-11D3-BF4B-00C04F79EFBC}") = "p2", "..\p2\p2\p2.csproj", "{0FDEB03F-2256-4E1D-8682-C598D52FD9C0}"
EndProject
Global
	GlobalSection(SolutionConfigurationPlatforms) = preSolution
		Debug|Any CPU = Debug|Any CPU
		Release|Any CPU = Release|Any CPU
	EndGlobalSection
	GlobalSection(ProjectConfigurationPlatforms) = postSolution
		{FFF1B449-7E45-4EE9-8A92-ED9CCAACFAC1}.Debug|Any CPU.ActiveCfg = Debug|Any CPU
		{FFF1B449-7E45-4EE9-8A92-ED9CCAACFAC1}.Debug|Any CPU.Build.0 = Debug|Any CPU
		{FFF1B449-7E45-4EE9-8A92-ED9CCAACFAC1}.Release|Any CPU.ActiveCfg = Release|Any CPU
		{FFF1B449-7E45-4EE9-8A92-ED9CCAACFAC1}.Release|Any CPU.Build.0 = Release|Any CPU
		{0FDEB03F-2256-4E1D-8682-C598D52FD9C0}.Debug|Any CPU.ActiveCfg = Debug|Any CPU
		{0FDEB03F-2256-4E1D-8682-C598D52FD9C0}.Debug|Any CPU.Build.0 = Debug|Any CPU
		{0FDEB03F-2256-4E1D-8682-C598D52FD9C0}.Release|Any CPU.ActiveCfg = Release|Any CPU
		{0FDEB03F-2256-4E1D-8682-C598D52FD9C0}.Release|Any CPU.Build.0 = Release|Any CPU
	EndGlobalSection
	GlobalSection(SolutionProperties) = preSolution
		HideSolutionNode = FALSE
	EndGlobalSection
EndGlobal
