
Microsoft Visual Studio Solution File, Format Version 12.00
# Visual Studio 2012
Project("{FAE04EC0-301F-11D3-BF4B-00C04F79EFBC}") = "WOL_07_12_2013", "WOL_07_12_2013\WOL_07_12_2013.csproj", "{AE370668-1E14-4F20-8498-508CA9B54EF6}"
EndProject
Project("{FAE04EC0-301F-11D3-BF4B-00C04F79EFBC}") = "Menu", "Menu\Menu.csproj", "{31B9B35D-D079-4AD2-93F4-16508C64CD37}"
EndProject
Global
	GlobalSection(SolutionConfigurationPlatforms) = preSolution
		Debug|Any CPU = Debug|Any CPU
		Release|Any CPU = Release|Any CPU
	EndGlobalSection
	GlobalSection(ProjectConfigurationPlatforms) = postSolution
		{AE370668-1E14-4F20-8498-508CA9B54EF6}.Debug|Any CPU.ActiveCfg = Debug|Any CPU
		{AE370668-1E14-4F20-8498-508CA9B54EF6}.Debug|Any CPU.Build.0 = Debug|Any CPU
		{AE370668-1E14-4F20-8498-508CA9B54EF6}.Release|Any CPU.ActiveCfg = Release|Any CPU
		{AE370668-1E14-4F20-8498-508CA9B54EF6}.Release|Any CPU.Build.0 = Release|Any CPU
		{31B9B35D-D079-4AD2-93F4-16508C64CD37}.Debug|Any CPU.ActiveCfg = Debug|Any CPU
		{31B9B35D-D079-4AD2-93F4-16508C64CD37}.Debug|Any CPU.Build.0 = Debug|Any CPU
		{31B9B35D-D079-4AD2-93F4-16508C64CD37}.Release|Any CPU.ActiveCfg = Release|Any CPU
		{31B9B35D-D079-4AD2-93F4-16508C64CD37}.Release|Any CPU.Build.0 = Release|Any CPU
	EndGlobalSection
	GlobalSection(SolutionProperties) = preSolution
		HideSolutionNode = FALSE
	EndGlobalSection
EndGlobal
